{
  "name": "planner_app",
  "lockfileVersion": 2,
  "requires": true,
  "packages": {
    "": {
      "dependencies": {
        "@firebase/app": "^0.9.12"
      }
    },
    "node_modules/@firebase/app": {
      "version": "0.9.12",
      "resolved": "https://registry.npmjs.org/@firebase/app/-/app-0.9.12.tgz",
      "integrity": "sha512-VsE/WHZU8M9BCnHMbOi3FqIVIsoG4FlEehjp+XCDNE0zxn4BGgnpLdBu6/r9Bg565b1ND7dm6LSVRtewmeRb3w==",
      "dependencies": {
        "@firebase/component": "0.6.4",
        "@firebase/logger": "0.4.0",
        "@firebase/util": "1.9.3",
        "idb": "7.1.1",
        "tslib": "^2.1.0"
      }
    },
    "node_modules/@firebase/component": {
      "version": "0.6.4",
      "resolved": "https://registry.npmjs.org/@firebase/component/-/component-0.6.4.tgz",
      "integrity": "sha512-rLMyrXuO9jcAUCaQXCMjCMUsWrba5fzHlNK24xz5j2W6A/SRmK8mZJ/hn7V0fViLbxC0lPMtrK1eYzk6Fg03jA==",
      "dependencies": {
        "@firebase/util": "1.9.3",
        "tslib": "^2.1.0"
      }
    },
    "node_modules/@firebase/logger": {
      "version": "0.4.0",
      "resolved": "https://registry.npmjs.org/@firebase/logger/-/logger-0.4.0.tgz",
      "integrity": "sha512-eRKSeykumZ5+cJPdxxJRgAC3G5NknY2GwEbKfymdnXtnT0Ucm4pspfR6GT4MUQEDuJwRVbVcSx85kgJulMoFFA==",
      "dependencies": {
        "tslib": "^2.1.0"
      }
    },
    "node_modules/@firebase/util": {
      "version": "1.9.3",
      "resolved": "https://registry.npmjs.org/@firebase/util/-/util-1.9.3.tgz",
      "integrity": "sha512-DY02CRhOZwpzO36fHpuVysz6JZrscPiBXD0fXp6qSrL9oNOx5KWICKdR95C0lSITzxp0TZosVyHqzatE8JbcjA==",
      "dependencies": {
        "tslib": "^2.1.0"
      }
    },
    "node_modules/idb": {
      "version": "7.1.1",
      "resolved": "https://registry.npmjs.org/idb/-/idb-7.1.1.tgz",
      "integrity": "sha512-gchesWBzyvGHRO9W8tzUWFDycow5gwjvFKfyV9FF32Y7F50yZMp7mP+T2mJIWFx49zicqyC4uefHM17o6xKIVQ=="
    },
    "node_modules/tslib": {
      "version": "2.5.3",
      "resolved": "https://registry.npmjs.org/tslib/-/tslib-2.5.3.tgz",
      "integrity": "sha512-mSxlJJwl3BMEQCUNnxXBU9jP4JBktcEGhURcPR6VQVlnP0FdDEsIaz0C35dXNGLyRfrATNofF0F5p2KPxQgB+w=="
    }
  },
  "dependencies": {
    "@firebase/app": {
      "version": "0.9.12",
      "resolved": "https://registry.npmjs.org/@firebase/app/-/app-0.9.12.tgz",
      "integrity": "sha512-VsE/WHZU8M9BCnHMbOi3FqIVIsoG4FlEehjp+XCDNE0zxn4BGgnpLdBu6/r9Bg565b1ND7dm6LSVRtewmeRb3w==",
      "requires": {
        "@firebase/component": "0.6.4",
        "@firebase/logger": "0.4.0",
        "@firebase/util": "1.9.3",
        "idb": "7.1.1",
        "tslib": "^2.1.0"
      }
    },
    "@firebase/component": {
      "version": "0.6.4",
      "resolved": "https://registry.npmjs.org/@firebase/component/-/component-0.6.4.tgz",
      "integrity": "sha512-rLMyrXuO9jcAUCaQXCMjCMUsWrba5fzHlNK24xz5j2W6A/SRmK8mZJ/hn7V0fViLbxC0lPMtrK1eYzk6Fg03jA==",
      "requires": {
        "@firebase/util": "1.9.3",
        "tslib": "^2.1.0"
      }
    },
    "@firebase/logger": {
      "version": "0.4.0",
      "resolved": "https://registry.npmjs.org/@firebase/logger/-/logger-0.4.0.tgz",
      "integrity": "sha512-eRKSeykumZ5+cJPdxxJRgAC3G5NknY2GwEbKfymdnXtnT0Ucm4pspfR6GT4MUQEDuJwRVbVcSx85kgJulMoFFA==",
      "requires": {
        "tslib": "^2.1.0"
      }
    },
    "@firebase/util": {
      "version": "1.9.3",
      "resolved": "https://registry.npmjs.org/@firebase/util/-/util-1.9.3.tgz",
      "integrity": "sha512-DY02CRhOZwpzO36fHpuVysz6JZrscPiBXD0fXp6qSrL9oNOx5KWICKdR95C0lSITzxp0TZosVyHqzatE8JbcjA==",
      "requires": {
        "tslib": "^2.1.0"
      }
    },
    "idb": {
      "version": "7.1.1",
      "resolved": "https://registry.npmjs.org/idb/-/idb-7.1.1.tgz",
      "integrity": "sha512-gchesWBzyvGHRO9W8tzUWFDycow5gwjvFKfyV9FF32Y7F50yZMp7mP+T2mJIWFx49zicqyC4uefHM17o6xKIVQ=="
    },
    "tslib": {
      "version": "2.5.3",
      "resolved": "https://registry.npmjs.org/tslib/-/tslib-2.5.3.tgz",
      "integrity": "sha512-mSxlJJwl3BMEQCUNnxXBU9jP4JBktcEGhURcPR6VQVlnP0FdDEsIaz0C35dXNGLyRfrATNofF0F5p2KPxQgB+w=="
    }
  }
}
